// !$*UTF8*$!
{
	archiveVersion = 1;
	classes = {
	};
	objectVersion = 46;
	objects = {

/* Begin PBXBuildFile section */
		180AC48A1CE4765500641E02 /* DBPathRecognizer.swift in Sources */ = {isa = PBXBuildFile; fileRef = 180AC4881CE4765500641E02 /* DBPathRecognizer.swift */; };
		180AC48B1CE4765500641E02 /* GestureRecognizer.swift in Sources */ = {isa = PBXBuildFile; fileRef = 180AC4891CE4765500641E02 /* GestureRecognizer.swift */; };
		180AC48E1CE597A100641E02 /* Model.xcdatamodeld in Sources */ = {isa = PBXBuildFile; fileRef = 180AC48C1CE597A100641E02 /* Model.xcdatamodeld */; };
		1865C4ED1CEC0B610061F08F /* Wallet+CoreDataProperties.swift in Sources */ = {isa = PBXBuildFile; fileRef = 1865C4EB1CEC0B600061F08F /* Wallet+CoreDataProperties.swift */; };
		1865C4EE1CEC0B610061F08F /* Wallet.swift in Sources */ = {isa = PBXBuildFile; fileRef = 1865C4EC1CEC0B600061F08F /* Wallet.swift */; };
		18B152FC1CE30DD0008FF070 /* IdentifiedValueViewController.swift in Sources */ = {isa = PBXBuildFile; fileRef = 18B152FB1CE30DD0008FF070 /* IdentifiedValueViewController.swift */; };
		18B152FE1CE30DDF008FF070 /* UnidentifiedValueViewController.swift in Sources */ = {isa = PBXBuildFile; fileRef = 18B152FD1CE30DDF008FF070 /* UnidentifiedValueViewController.swift */; };
		19F209FE1CE1C5D600F201F5 /* AppDelegate.swift in Sources */ = {isa = PBXBuildFile; fileRef = 19F209FD1CE1C5D600F201F5 /* AppDelegate.swift */; };
		19F20A001CE1C5D600F201F5 /* ViewController.swift in Sources */ = {isa = PBXBuildFile; fileRef = 19F209FF1CE1C5D600F201F5 /* ViewController.swift */; };
		19F20A031CE1C5D600F201F5 /* Main.storyboard in Resources */ = {isa = PBXBuildFile; fileRef = 19F20A011CE1C5D600F201F5 /* Main.storyboard */; };
		19F20A051CE1C5D700F201F5 /* Assets.xcassets in Resources */ = {isa = PBXBuildFile; fileRef = 19F20A041CE1C5D700F201F5 /* Assets.xcassets */; };
		19F20A081CE1C5D700F201F5 /* LaunchScreen.storyboard in Resources */ = {isa = PBXBuildFile; fileRef = 19F20A061CE1C5D700F201F5 /* LaunchScreen.storyboard */; };
		19F20A321CE1C62000F201F5 /* OpenCVWrapper.mm in Sources */ = {isa = PBXBuildFile; fileRef = 19F20A311CE1C62000F201F5 /* OpenCVWrapper.mm */; };
		6A629BB71CE4294500FFB34B /* CoreGraphics.framework in Frameworks */ = {isa = PBXBuildFile; fileRef = 6A629BB61CE4294500FFB34B /* CoreGraphics.framework */; };
		6A629BB91CE4547E00FFB34B /* opencv2.framework in Frameworks */ = {isa = PBXBuildFile; fileRef = 6A629BB81CE4547E00FFB34B /* opencv2.framework */; };
		6ADE55191CE2D1730093AAB2 /* AVFoundation.framework in Frameworks */ = {isa = PBXBuildFile; fileRef = 6ADE55181CE2D1730093AAB2 /* AVFoundation.framework */; };
		6ADE551B1CE2D5290093AAB2 /* Accelerate.framework in Frameworks */ = {isa = PBXBuildFile; fileRef = 6ADE551A1CE2D5290093AAB2 /* Accelerate.framework */; };
		6ADE551D1CE2D5330093AAB2 /* AssetsLibrary.framework in Frameworks */ = {isa = PBXBuildFile; fileRef = 6ADE551C1CE2D5330093AAB2 /* AssetsLibrary.framework */; };
		6ADE551F1CE2D53D0093AAB2 /* CoreMedia.framework in Frameworks */ = {isa = PBXBuildFile; fileRef = 6ADE551E1CE2D53D0093AAB2 /* CoreMedia.framework */; };
		6ADE55211CE2D54B0093AAB2 /* CoreVideo.framework in Frameworks */ = {isa = PBXBuildFile; fileRef = 6ADE55201CE2D54B0093AAB2 /* CoreVideo.framework */; };
		6ADE55231CE2D5550093AAB2 /* CoreImage.framework in Frameworks */ = {isa = PBXBuildFile; fileRef = 6ADE55221CE2D5550093AAB2 /* CoreImage.framework */; };
		6ADE55251CE2D55C0093AAB2 /* QuartzCore.framework in Frameworks */ = {isa = PBXBuildFile; fileRef = 6ADE55241CE2D55C0093AAB2 /* QuartzCore.framework */; };
/* End PBXBuildFile section */

/* Begin PBXFileReference section */
		180AC4881CE4765500641E02 /* DBPathRecognizer.swift */ = {isa = PBXFileReference; fileEncoding = 4; lastKnownFileType = sourcecode.swift; path = DBPathRecognizer.swift; sourceTree = "<group>"; };
		180AC4891CE4765500641E02 /* GestureRecognizer.swift */ = {isa = PBXFileReference; fileEncoding = 4; lastKnownFileType = sourcecode.swift; path = GestureRecognizer.swift; sourceTree = "<group>"; };
		180AC48D1CE597A100641E02 /* Model.xcdatamodel */ = {isa = PBXFileReference; lastKnownFileType = wrapper.xcdatamodel; path = Model.xcdatamodel; sourceTree = "<group>"; };
		1865C4EB1CEC0B600061F08F /* Wallet+CoreDataProperties.swift */ = {isa = PBXFileReference; fileEncoding = 4; lastKnownFileType = sourcecode.swift; name = "Wallet+CoreDataProperties.swift"; path = "../Wallet+CoreDataProperties.swift"; sourceTree = "<group>"; };
		1865C4EC1CEC0B600061F08F /* Wallet.swift */ = {isa = PBXFileReference; fileEncoding = 4; lastKnownFileType = sourcecode.swift; name = Wallet.swift; path = ../Wallet.swift; sourceTree = "<group>"; };
		18B152FB1CE30DD0008FF070 /* IdentifiedValueViewController.swift */ = {isa = PBXFileReference; fileEncoding = 4; lastKnownFileType = sourcecode.swift; path = IdentifiedValueViewController.swift; sourceTree = "<group>"; };
		18B152FD1CE30DDF008FF070 /* UnidentifiedValueViewController.swift */ = {isa = PBXFileReference; fileEncoding = 4; lastKnownFileType = sourcecode.swift; path = UnidentifiedValueViewController.swift; sourceTree = "<group>"; };
		19F209FA1CE1C5D600F201F5 /* AA_EyeSee.app */ = {isa = PBXFileReference; explicitFileType = wrapper.application; includeInIndex = 0; path = AA_EyeSee.app; sourceTree = BUILT_PRODUCTS_DIR; };
		19F209FD1CE1C5D600F201F5 /* AppDelegate.swift */ = {isa = PBXFileReference; lastKnownFileType = sourcecode.swift; path = AppDelegate.swift; sourceTree = "<group>"; };
		19F209FF1CE1C5D600F201F5 /* ViewController.swift */ = {isa = PBXFileReference; lastKnownFileType = sourcecode.swift; path = ViewController.swift; sourceTree = "<group>"; };
		19F20A021CE1C5D600F201F5 /* Base */ = {isa = PBXFileReference; lastKnownFileType = file.storyboard; name = Base; path = Base.lproj/Main.storyboard; sourceTree = "<group>"; };
		19F20A041CE1C5D700F201F5 /* Assets.xcassets */ = {isa = PBXFileReference; lastKnownFileType = folder.assetcatalog; path = Assets.xcassets; sourceTree = "<group>"; };
		19F20A071CE1C5D700F201F5 /* Base */ = {isa = PBXFileReference; lastKnownFileType = file.storyboard; name = Base; path = Base.lproj/LaunchScreen.storyboard; sourceTree = "<group>"; };
		19F20A091CE1C5D700F201F5 /* Info.plist */ = {isa = PBXFileReference; lastKnownFileType = text.plist.xml; path = Info.plist; sourceTree = "<group>"; };
		19F20A121CE1C5D700F201F5 /* AA_EyeSeeTests.swift */ = {isa = PBXFileReference; lastKnownFileType = sourcecode.swift; path = AA_EyeSeeTests.swift; sourceTree = "<group>"; };
		19F20A141CE1C5D700F201F5 /* Info.plist */ = {isa = PBXFileReference; lastKnownFileType = text.plist.xml; path = Info.plist; sourceTree = "<group>"; };
		19F20A1D1CE1C5D700F201F5 /* AA_EyeSeeUITests.swift */ = {isa = PBXFileReference; lastKnownFileType = sourcecode.swift; path = AA_EyeSeeUITests.swift; sourceTree = "<group>"; };
		19F20A1F1CE1C5D700F201F5 /* Info.plist */ = {isa = PBXFileReference; lastKnownFileType = text.plist.xml; path = Info.plist; sourceTree = "<group>"; };
		19F20A2F1CE1C62000F201F5 /* AA_EyeSee-Bridging-Header.h */ = {isa = PBXFileReference; lastKnownFileType = sourcecode.c.h; path = "AA_EyeSee-Bridging-Header.h"; sourceTree = "<group>"; };
		19F20A301CE1C62000F201F5 /* OpenCVWrapper.h */ = {isa = PBXFileReference; fileEncoding = 4; lastKnownFileType = sourcecode.c.h; path = OpenCVWrapper.h; sourceTree = "<group>"; };
		19F20A311CE1C62000F201F5 /* OpenCVWrapper.mm */ = {isa = PBXFileReference; fileEncoding = 4; lastKnownFileType = sourcecode.cpp.objcpp; path = OpenCVWrapper.mm; sourceTree = "<group>"; };
		6A629BB61CE4294500FFB34B /* CoreGraphics.framework */ = {isa = PBXFileReference; lastKnownFileType = wrapper.framework; name = CoreGraphics.framework; path = System/Library/Frameworks/CoreGraphics.framework; sourceTree = SDKROOT; };
		6A629BB81CE4547E00FFB34B /* opencv2.framework */ = {isa = PBXFileReference; lastKnownFileType = wrapper.framework; path = opencv2.framework; sourceTree = "<group>"; };
		6ADE55181CE2D1730093AAB2 /* AVFoundation.framework */ = {isa = PBXFileReference; lastKnownFileType = wrapper.framework; name = AVFoundation.framework; path = System/Library/Frameworks/AVFoundation.framework; sourceTree = SDKROOT; };
		6ADE551A1CE2D5290093AAB2 /* Accelerate.framework */ = {isa = PBXFileReference; lastKnownFileType = wrapper.framework; name = Accelerate.framework; path = System/Library/Frameworks/Accelerate.framework; sourceTree = SDKROOT; };
		6ADE551C1CE2D5330093AAB2 /* AssetsLibrary.framework */ = {isa = PBXFileReference; lastKnownFileType = wrapper.framework; name = AssetsLibrary.framework; path = System/Library/Frameworks/AssetsLibrary.framework; sourceTree = SDKROOT; };
		6ADE551E1CE2D53D0093AAB2 /* CoreMedia.framework */ = {isa = PBXFileReference; lastKnownFileType = wrapper.framework; name = CoreMedia.framework; path = System/Library/Frameworks/CoreMedia.framework; sourceTree = SDKROOT; };
		6ADE55201CE2D54B0093AAB2 /* CoreVideo.framework */ = {isa = PBXFileReference; lastKnownFileType = wrapper.framework; name = CoreVideo.framework; path = System/Library/Frameworks/CoreVideo.framework; sourceTree = SDKROOT; };
		6ADE55221CE2D5550093AAB2 /* CoreImage.framework */ = {isa = PBXFileReference; lastKnownFileType = wrapper.framework; name = CoreImage.framework; path = System/Library/Frameworks/CoreImage.framework; sourceTree = SDKROOT; };
		6ADE55241CE2D55C0093AAB2 /* QuartzCore.framework */ = {isa = PBXFileReference; lastKnownFileType = wrapper.framework; name = QuartzCore.framework; path = System/Library/Frameworks/QuartzCore.framework; sourceTree = SDKROOT; };
/* End PBXFileReference section */

/* Begin PBXFrameworksBuildPhase section */
		19F209F71CE1C5D600F201F5 /* Frameworks */ = {
			isa = PBXFrameworksBuildPhase;
			buildActionMask = 2147483647;
			files = (
				6A629BB71CE4294500FFB34B /* CoreGraphics.framework in Frameworks */,
				6ADE55251CE2D55C0093AAB2 /* QuartzCore.framework in Frameworks */,
				6ADE55231CE2D5550093AAB2 /* CoreImage.framework in Frameworks */,
				6A629BB91CE4547E00FFB34B /* opencv2.framework in Frameworks */,
				6ADE55211CE2D54B0093AAB2 /* CoreVideo.framework in Frameworks */,
				6ADE551F1CE2D53D0093AAB2 /* CoreMedia.framework in Frameworks */,
				6ADE551D1CE2D5330093AAB2 /* AssetsLibrary.framework in Frameworks */,
				6ADE551B1CE2D5290093AAB2 /* Accelerate.framework in Frameworks */,
				6ADE55191CE2D1730093AAB2 /* AVFoundation.framework in Frameworks */,
			);
			runOnlyForDeploymentPostprocessing = 0;
		};
/* End PBXFrameworksBuildPhase section */

/* Begin PBXGroup section */
		180AC4871CE4764100641E02 /* Class */ = {
			isa = PBXGroup;
			children = (
				1865C4EB1CEC0B600061F08F /* Wallet+CoreDataProperties.swift */,
				1865C4EC1CEC0B600061F08F /* Wallet.swift */,
				180AC4881CE4765500641E02 /* DBPathRecognizer.swift */,
				180AC4891CE4765500641E02 /* GestureRecognizer.swift */,
			);
			name = Class;
			sourceTree = "<group>";
		};
		18B152FA1CE30DB8008FF070 /* ViewController */ = {
			isa = PBXGroup;
			children = (
				19F209FF1CE1C5D600F201F5 /* ViewController.swift */,
				18B152FB1CE30DD0008FF070 /* IdentifiedValueViewController.swift */,
				18B152FD1CE30DDF008FF070 /* UnidentifiedValueViewController.swift */,
			);
			name = ViewController;
			sourceTree = "<group>";
		};
		19F209F11CE1C5D600F201F5 = {
			isa = PBXGroup;
			children = (
				6A629BB61CE4294500FFB34B /* CoreGraphics.framework */,
				6ADE55241CE2D55C0093AAB2 /* QuartzCore.framework */,
				6ADE55221CE2D5550093AAB2 /* CoreImage.framework */,
				6ADE55201CE2D54B0093AAB2 /* CoreVideo.framework */,
				6ADE551E1CE2D53D0093AAB2 /* CoreMedia.framework */,
				6ADE551C1CE2D5330093AAB2 /* AssetsLibrary.framework */,
				6ADE551A1CE2D5290093AAB2 /* Accelerate.framework */,
				6ADE55181CE2D1730093AAB2 /* AVFoundation.framework */,
				19F20A301CE1C62000F201F5 /* OpenCVWrapper.h */,
				19F20A311CE1C62000F201F5 /* OpenCVWrapper.mm */,
				19F209FC1CE1C5D600F201F5 /* AA_EyeSee */,
				19F20A111CE1C5D700F201F5 /* AA_EyeSeeTests */,
				19F20A1C1CE1C5D700F201F5 /* AA_EyeSeeUITests */,
				19F209FB1CE1C5D600F201F5 /* Products */,
				19F20A2F1CE1C62000F201F5 /* AA_EyeSee-Bridging-Header.h */,
			);
			sourceTree = "<group>";
		};
		19F209FB1CE1C5D600F201F5 /* Products */ = {
			isa = PBXGroup;
			children = (
				19F209FA1CE1C5D600F201F5 /* AA_EyeSee.app */,
			);
			name = Products;
			sourceTree = "<group>";
		};
		19F209FC1CE1C5D600F201F5 /* AA_EyeSee */ = {
			isa = PBXGroup;
			children = (
				180AC4871CE4764100641E02 /* Class */,
				6A629BB81CE4547E00FFB34B /* opencv2.framework */,
				18B152FA1CE30DB8008FF070 /* ViewController */,
				19F20A011CE1C5D600F201F5 /* Main.storyboard */,
				19F209FD1CE1C5D600F201F5 /* AppDelegate.swift */,
				180AC48C1CE597A100641E02 /* Model.xcdatamodeld */,
				19F20A041CE1C5D700F201F5 /* Assets.xcassets */,
				19F20A061CE1C5D700F201F5 /* LaunchScreen.storyboard */,
				19F20A091CE1C5D700F201F5 /* Info.plist */,
			);
			path = AA_EyeSee;
			sourceTree = "<group>";
		};
		19F20A111CE1C5D700F201F5 /* AA_EyeSeeTests */ = {
			isa = PBXGroup;
			children = (
				19F20A121CE1C5D700F201F5 /* AA_EyeSeeTests.swift */,
				19F20A141CE1C5D700F201F5 /* Info.plist */,
			);
			path = AA_EyeSeeTests;
			sourceTree = "<group>";
		};
		19F20A1C1CE1C5D700F201F5 /* AA_EyeSeeUITests */ = {
			isa = PBXGroup;
			children = (
				19F20A1D1CE1C5D700F201F5 /* AA_EyeSeeUITests.swift */,
				19F20A1F1CE1C5D700F201F5 /* Info.plist */,
			);
			path = AA_EyeSeeUITests;
			sourceTree = "<group>";
		};
/* End PBXGroup section */

/* Begin PBXNativeTarget section */
		19F209F91CE1C5D600F201F5 /* AA_EyeSee */ = {
			isa = PBXNativeTarget;
			buildConfigurationList = 19F20A221CE1C5D700F201F5 /* Build configuration list for PBXNativeTarget "AA_EyeSee" */;
			buildPhases = (
				19F209F61CE1C5D600F201F5 /* Sources */,
				19F209F71CE1C5D600F201F5 /* Frameworks */,
				19F209F81CE1C5D600F201F5 /* Resources */,
			);
			buildRules = (
			);
			dependencies = (
			);
			name = AA_EyeSee;
			productName = AA_EyeSee;
			productReference = 19F209FA1CE1C5D600F201F5 /* AA_EyeSee.app */;
			productType = "com.apple.product-type.application";
		};
/* End PBXNativeTarget section */

/* Begin PBXProject section */
		19F209F21CE1C5D600F201F5 /* Project object */ = {
			isa = PBXProject;
			attributes = {
				LastSwiftUpdateCheck = 0730;
				LastUpgradeCheck = 0730;
				ORGANIZATIONNAME = abdoassem;
				TargetAttributes = {
					19F209F91CE1C5D600F201F5 = {
						CreatedOnToolsVersion = 7.3;
						DevelopmentTeam = VWX3JCB956;
					};
				};
			};
			buildConfigurationList = 19F209F51CE1C5D600F201F5 /* Build configuration list for PBXProject "bit" */;
			compatibilityVersion = "Xcode 3.2";
			developmentRegion = English;
			hasScannedForEncodings = 0;
			knownRegions = (
				en,
				Base,
			);
			mainGroup = 19F209F11CE1C5D600F201F5;
			productRefGroup = 19F209FB1CE1C5D600F201F5 /* Products */;
			projectDirPath = "";
			projectRoot = "";
			targets = (
				19F209F91CE1C5D600F201F5 /* AA_EyeSee */,
			);
		};
/* End PBXProject section */

/* Begin PBXResourcesBuildPhase section */
		19F209F81CE1C5D600F201F5 /* Resources */ = {
			isa = PBXResourcesBuildPhase;
			buildActionMask = 2147483647;
			files = (
				19F20A081CE1C5D700F201F5 /* LaunchScreen.storyboard in Resources */,
				19F20A051CE1C5D700F201F5 /* Assets.xcassets in Resources */,
				19F20A031CE1C5D600F201F5 /* Main.storyboard in Resources */,
			);
			runOnlyForDeploymentPostprocessing = 0;
		};
/* End PBXResourcesBuildPhase section */

/* Begin PBXSourcesBuildPhase section */
		19F209F61CE1C5D600F201F5 /* Sources */ = {
			isa = PBXSourcesBuildPhase;
			buildActionMask = 2147483647;
			files = (
				1865C4EE1CEC0B610061F08F /* Wallet.swift in Sources */,
				180AC48A1CE4765500641E02 /* DBPathRecognizer.swift in Sources */,
				19F20A001CE1C5D600F201F5 /* ViewController.swift in Sources */,
				1865C4ED1CEC0B610061F08F /* Wallet+CoreDataProperties.swift in Sources */,
				19F209FE1CE1C5D600F201F5 /* AppDelegate.swift in Sources */,
				180AC48E1CE597A100641E02 /* Model.xcdatamodeld in Sources */,
				180AC48B1CE4765500641E02 /* GestureRecognizer.swift in Sources */,
				19F20A321CE1C62000F201F5 /* OpenCVWrapper.mm in Sources */,
				18B152FE1CE30DDF008FF070 /* UnidentifiedValueViewController.swift in Sources */,
				18B152FC1CE30DD0008FF070 /* IdentifiedValueViewController.swift in Sources */,
			);
			runOnlyForDeploymentPostprocessing = 0;
		};
/* End PBXSourcesBuildPhase section */

/* Begin PBXVariantGroup section */
		19F20A011CE1C5D600F201F5 /* Main.storyboard */ = {
			isa = PBXVariantGroup;
			children = (
				19F20A021CE1C5D600F201F5 /* Base */,
			);
			name = Main.storyboard;
			sourceTree = "<group>";
		};
		19F20A061CE1C5D700F201F5 /* LaunchScreen.storyboard */ = {
			isa = PBXVariantGroup;
			children = (
				19F20A071CE1C5D700F201F5 /* Base */,
			);
			name = LaunchScreen.storyboard;
			sourceTree = "<group>";
		};
/* End PBXVariantGroup section */

/* Begin XCBuildConfiguration section */
		19F20A201CE1C5D700F201F5 /* Debug */ = {
			isa = XCBuildConfiguration;
			buildSettings = {
				ALWAYS_SEARCH_USER_PATHS = NO;
				CLANG_ANALYZER_NONNULL = YES;
				CLANG_CXX_LANGUAGE_STANDARD = "gnu++0x";
				CLANG_CXX_LIBRARY = "libc++";
				CLANG_ENABLE_MODULES = YES;
				CLANG_ENABLE_OBJC_ARC = YES;
				CLANG_WARN_BOOL_CONVERSION = YES;
				CLANG_WARN_CONSTANT_CONVERSION = YES;
				CLANG_WARN_DIRECT_OBJC_ISA_USAGE = YES_ERROR;
				CLANG_WARN_EMPTY_BODY = YES;
				CLANG_WARN_ENUM_CONVERSION = YES;
				CLANG_WARN_INT_CONVERSION = YES;
				CLANG_WARN_OBJC_ROOT_CLASS = YES_ERROR;
				CLANG_WARN_UNREACHABLE_CODE = YES;
				CLANG_WARN__DUPLICATE_METHOD_MATCH = YES;
				"CODE_SIGN_IDENTITY[sdk=iphoneos*]" = "iPhone Developer";
				COPY_PHASE_STRIP = NO;
				DEBUG_INFORMATION_FORMAT = dwarf;
				ENABLE_BITCODE = NO;
				ENABLE_STRICT_OBJC_MSGSEND = YES;
				ENABLE_TESTABILITY = YES;
				GCC_C_LANGUAGE_STANDARD = gnu99;
				GCC_DYNAMIC_NO_PIC = NO;
				GCC_NO_COMMON_BLOCKS = YES;
				GCC_OPTIMIZATION_LEVEL = 0;
				GCC_PREPROCESSOR_DEFINITIONS = (
					"DEBUG=1",
					"$(inherited)",
				);
				GCC_WARN_64_TO_32_BIT_CONVERSION = YES;
				GCC_WARN_ABOUT_RETURN_TYPE = YES_ERROR;
				GCC_WARN_UNDECLARED_SELECTOR = YES;
				GCC_WARN_UNINITIALIZED_AUTOS = YES_AGGRESSIVE;
				GCC_WARN_UNUSED_FUNCTION = YES;
				GCC_WARN_UNUSED_VARIABLE = YES;
				IPHONEOS_DEPLOYMENT_TARGET = 9.3;
				MTL_ENABLE_DEBUG_INFO = YES;
				ONLY_ACTIVE_ARCH = YES;
				SDKROOT = iphoneos;
				SWIFT_OPTIMIZATION_LEVEL = "-Onone";
				TARGETED_DEVICE_FAMILY = "1,2";
			};
			name = Debug;
		};
		19F20A211CE1C5D700F201F5 /* Release */ = {
			isa = XCBuildConfiguration;
			buildSettings = {
				ALWAYS_SEARCH_USER_PATHS = NO;
				CLANG_ANALYZER_NONNULL = YES;
				CLANG_CXX_LANGUAGE_STANDARD = "gnu++0x";
				CLANG_CXX_LIBRARY = "libc++";
				CLANG_ENABLE_MODULES = YES;
				CLANG_ENABLE_OBJC_ARC = YES;
				CLANG_WARN_BOOL_CONVERSION = YES;
				CLANG_WARN_CONSTANT_CONVERSION = YES;
				CLANG_WARN_DIRECT_OBJC_ISA_USAGE = YES_ERROR;
				CLANG_WARN_EMPTY_BODY = YES;
				CLANG_WARN_ENUM_CONVERSION = YES;
				CLANG_WARN_INT_CONVERSION = YES;
				CLANG_WARN_OBJC_ROOT_CLASS = YES_ERROR;
				CLANG_WARN_UNREACHABLE_CODE = YES;
				CLANG_WARN__DUPLICATE_METHOD_MATCH = YES;
				"CODE_SIGN_IDENTITY[sdk=iphoneos*]" = "iPhone Developer";
				COPY_PHASE_STRIP = NO;
				DEBUG_INFORMATION_FORMAT = "dwarf-with-dsym";
				ENABLE_BITCODE = NO;
				ENABLE_NS_ASSERTIONS = NO;
				ENABLE_STRICT_OBJC_MSGSEND = YES;
				GCC_C_LANGUAGE_STANDARD = gnu99;
				GCC_NO_COMMON_BLOCKS = YES;
				GCC_WARN_64_TO_32_BIT_CONVERSION = YES;
				GCC_WARN_ABOUT_RETURN_TYPE = YES_ERROR;
				GCC_WARN_UNDECLARED_SELECTOR = YES;
				GCC_WARN_UNINITIALIZED_AUTOS = YES_AGGRESSIVE;
				GCC_WARN_UNUSED_FUNCTION = YES;
				GCC_WARN_UNUSED_VARIABLE = YES;
				IPHONEOS_DEPLOYMENT_TARGET = 9.3;
				MTL_ENABLE_DEBUG_INFO = NO;
				SDKROOT = iphoneos;
				TARGETED_DEVICE_FAMILY = "1,2";
				VALIDATE_PRODUCT = YES;
			};
			name = Release;
		};
		19F20A231CE1C5D700F201F5 /* Debug */ = {
			isa = XCBuildConfiguration;
			buildSettings = {
				ASSETCATALOG_COMPILER_APPICON_NAME = AppIcon;
				CLANG_ENABLE_MODULES = YES;
				CODE_SIGN_IDENTITY = "iPhone Developer";
				"CODE_SIGN_IDENTITY[sdk=iphoneos*]" = "iPhone Developer";
				FRAMEWORK_SEARCH_PATHS = (
					"$(inherited)",
					"$(PROJECT_DIR)/AA_EyeSee",
				);
				INFOPLIST_FILE = AA_EyeSee/Info.plist;
				IPHONEOS_DEPLOYMENT_TARGET = 9.2;
				LD_RUNPATH_SEARCH_PATHS = "$(inherited) @executable_path/Frameworks";
				PRODUCT_BUNDLE_IDENTIFIER = "com.assemabdo.AA-EyeSee";
				PRODUCT_NAME = "$(TARGET_NAME)";
				PROVISIONING_PROFILE = "";
				SWIFT_OBJC_BRIDGING_HEADER = "AA_EyeSee-Bridging-Header.h";
				SWIFT_OPTIMIZATION_LEVEL = "-Onone";
			};
			name = Debug;
		};
		19F20A241CE1C5D700F201F5 /* Release */ = {
			isa = XCBuildConfiguration;
			buildSettings = {
				ASSETCATALOG_COMPILER_APPICON_NAME = AppIcon;
				CLANG_ENABLE_MODULES = YES;
				CODE_SIGN_IDENTITY = "iPhone Developer";
				"CODE_SIGN_IDENTITY[sdk=iphoneos*]" = "iPhone Developer";
				FRAMEWORK_SEARCH_PATHS = (
					"$(inherited)",
					"$(PROJECT_DIR)/AA_EyeSee",
				);
				INFOPLIST_FILE = AA_EyeSee/Info.plist;
				IPHONEOS_DEPLOYMENT_TARGET = 9.2;
				LD_RUNPATH_SEARCH_PATHS = "$(inherited) @executable_path/Frameworks";
				PRODUCT_BUNDLE_IDENTIFIER = "com.assemabdo.AA-EyeSee";
				PRODUCT_NAME = "$(TARGET_NAME)";
				PROVISIONING_PROFILE = "";
				SWIFT_OBJC_BRIDGING_HEADER = "AA_EyeSee-Bridging-Header.h";
			};
			name = Release;
		};
/* End XCBuildConfiguration section */

/* Begin XCConfigurationList section */
		19F209F51CE1C5D600F201F5 /* Build configuration list for PBXProject "bit" */ = {
			isa = XCConfigurationList;
			buildConfigurations = (
				19F20A201CE1C5D700F201F5 /* Debug */,
				19F20A211CE1C5D700F201F5 /* Release */,
			);
			defaultConfigurationIsVisible = 0;
			defaultConfigurationName = Release;
		};
		19F20A221CE1C5D700F201F5 /* Build configuration list for PBXNativeTarget "AA_EyeSee" */ = {
			isa = XCConfigurationList;
			buildConfigurations = (
				19F20A231CE1C5D700F201F5 /* Debug */,
				19F20A241CE1C5D700F201F5 /* Release */,
			);
			defaultConfigurationIsVisible = 0;
			defaultConfigurationName = Release;
		};
/* End XCConfigurationList section */

/* Begin XCVersionGroup section */
		180AC48C1CE597A100641E02 /* Model.xcdatamodeld */ = {
			isa = XCVersionGroup;
			children = (
				180AC48D1CE597A100641E02 /* Model.xcdatamodel */,
			);
			currentVersion = 180AC48D1CE597A100641E02 /* Model.xcdatamodel */;
			path = Model.xcdatamodeld;
			sourceTree = "<group>";
			versionGroupType = wrapper.xcdatamodel;
		};
/* End XCVersionGroup section */
	};
	rootObject = 19F209F21CE1C5D600F201F5 /* Project object */;
}
